
Microsoft Visual Studio Solution File, Format Version 12.00
# Visual Studio Version 17
VisualStudioVersion = 17.8.34309.116
MinimumVisualStudioVersion = 10.0.40219.1
Project("{9A19103F-16F7-4668-BE54-9A1E7A4F7556}") = "Resto.Framework", "Resto.Framework\Resto.Framework.csproj", "{0924BE0F-951A-4FC8-A005-5A9B35C59D54}"
EndProject
Project("{FAE04EC0-301F-11D3-BF4B-00C04F79EFBC}") = "RenderWebApi", "RenderWebApi\RenderWebApi.csproj", "{56719EC0-0D9A-4C9F-BAD9-2B61E1BEDC85}"
EndProject
Project("{FAE04EC0-301F-11D3-BF4B-00C04F79EFBC}") = "Resto.Front.Localization", "Resto.Front.Localization\Resto.Front.Localization.csproj", "{9077A3CF-F9A5-44C1-B0E3-6EA0F002EF76}"
EndProject
Project("{FAE04EC0-301F-11D3-BF4B-00C04F79EFBC}") = "Resto.Front.PrintTemplates", "Resto.Front.PrintTemplates\Resto.Front.PrintTemplates.csproj", "{5B0D421A-2355-4E20-B461-F0F6E400FA90}"
EndProject
Project("{FAE04EC0-301F-11D3-BF4B-00C04F79EFBC}") = "OfficeCommon", "Common\OfficeCommon.csproj", "{62D2A99D-4CD3-4C0C-889A-CA3B79933234}"
EndProject
Global
	GlobalSection(SolutionConfigurationPlatforms) = preSolution
		Debug|Any CPU = Debug|Any CPU
		Release|Any CPU = Release|Any CPU
	EndGlobalSection
	GlobalSection(ProjectConfigurationPlatforms) = postSolution
		{0924BE0F-951A-4FC8-A005-5A9B35C59D54}.Debug|Any CPU.ActiveCfg = Debug|Any CPU
		{0924BE0F-951A-4FC8-A005-5A9B35C59D54}.Debug|Any CPU.Build.0 = Debug|Any CPU
		{0924BE0F-951A-4FC8-A005-5A9B35C59D54}.Release|Any CPU.ActiveCfg = Release|Any CPU
		{0924BE0F-951A-4FC8-A005-5A9B35C59D54}.Release|Any CPU.Build.0 = Release|Any CPU
		{56719EC0-0D9A-4C9F-BAD9-2B61E1BEDC85}.Debug|Any CPU.ActiveCfg = Debug|Any CPU
		{56719EC0-0D9A-4C9F-BAD9-2B61E1BEDC85}.Debug|Any CPU.Build.0 = Debug|Any CPU
		{56719EC0-0D9A-4C9F-BAD9-2B61E1BEDC85}.Release|Any CPU.ActiveCfg = Release|Any CPU
		{56719EC0-0D9A-4C9F-BAD9-2B61E1BEDC85}.Release|Any CPU.Build.0 = Release|Any CPU
		{9077A3CF-F9A5-44C1-B0E3-6EA0F002EF76}.Debug|Any CPU.ActiveCfg = Debug|Any CPU
		{9077A3CF-F9A5-44C1-B0E3-6EA0F002EF76}.Debug|Any CPU.Build.0 = Debug|Any CPU
		{9077A3CF-F9A5-44C1-B0E3-6EA0F002EF76}.Release|Any CPU.ActiveCfg = Release|Any CPU
		{9077A3CF-F9A5-44C1-B0E3-6EA0F002EF76}.Release|Any CPU.Build.0 = Release|Any CPU
		{5B0D421A-2355-4E20-B461-F0F6E400FA90}.Debug|Any CPU.ActiveCfg = Debug|Any CPU
		{5B0D421A-2355-4E20-B461-F0F6E400FA90}.Debug|Any CPU.Build.0 = Debug|Any CPU
		{5B0D421A-2355-4E20-B461-F0F6E400FA90}.Release|Any CPU.ActiveCfg = Release|Any CPU
		{5B0D421A-2355-4E20-B461-F0F6E400FA90}.Release|Any CPU.Build.0 = Release|Any CPU
		{62D2A99D-4CD3-4C0C-889A-CA3B79933234}.Debug|Any CPU.ActiveCfg = Debug|Any CPU
		{62D2A99D-4CD3-4C0C-889A-CA3B79933234}.Debug|Any CPU.Build.0 = Debug|Any CPU
		{62D2A99D-4CD3-4C0C-889A-CA3B79933234}.Release|Any CPU.ActiveCfg = Release|Any CPU
		{62D2A99D-4CD3-4C0C-889A-CA3B79933234}.Release|Any CPU.Build.0 = Release|Any CPU
	EndGlobalSection
	GlobalSection(SolutionProperties) = preSolution
		HideSolutionNode = FALSE
	EndGlobalSection
	GlobalSection(ExtensibilityGlobals) = postSolution
		SolutionGuid = {FB16409B-519D-4E70-A6F2-314EB56C6E3A}
	EndGlobalSection
EndGlobal
